// !$*UTF8*$!
{
	archiveVersion = 1;
	classes = {
	};
	objectVersion = 46;
	objects = {

/* Begin PBXBuildFile section */
		8BDC071E1E72966B00C54C00 /* AppDelegate.swift in Sources */ = {isa = PBXBuildFile; fileRef = 8BDC071D1E72966B00C54C00 /* AppDelegate.swift */; };
		8BDC07201E72966B00C54C00 /* ViewController.swift in Sources */ = {isa = PBXBuildFile; fileRef = 8BDC071F1E72966B00C54C00 /* ViewController.swift */; };
		8BDC07231E72966B00C54C00 /* Main.storyboard in Resources */ = {isa = PBXBuildFile; fileRef = 8BDC07211E72966B00C54C00 /* Main.storyboard */; };
		8BDC07251E72966B00C54C00 /* Assets.xcassets in Resources */ = {isa = PBXBuildFile; fileRef = 8BDC07241E72966B00C54C00 /* Assets.xcassets */; };
		8BDC07281E72966B00C54C00 /* LaunchScreen.storyboard in Resources */ = {isa = PBXBuildFile; fileRef = 8BDC07261E72966B00C54C00 /* LaunchScreen.storyboard */; };
/* End PBXBuildFile section */

/* Begin PBXFileReference section */
		8BDC071A1E72966B00C54C00 /* ClimaApp.app */ = {isa = PBXFileReference; explicitFileType = wrapper.application; includeInIndex = 0; path = ClimaApp.app; sourceTree = BUILT_PRODUCTS_DIR; };
		8BDC071D1E72966B00C54C00 /* AppDelegate.swift */ = {isa = PBXFileReference; lastKnownFileType = sourcecode.swift; path = AppDelegate.swift; sourceTree = "<group>"; };
		8BDC071F1E72966B00C54C00 /* ViewController.swift */ = {isa = PBXFileReference; lastKnownFileType = sourcecode.swift; path = ViewController.swift; sourceTree = "<group>"; };
		8BDC07221E72966B00C54C00 /* Base */ = {isa = PBXFileReference; lastKnownFileType = file.storyboard; name = Base; path = Base.lproj/Main.storyboard; sourceTree = "<group>"; };
		8BDC07241E72966B00C54C00 /* Assets.xcassets */ = {isa = PBXFileReference; lastKnownFileType = folder.assetcatalog; path = Assets.xcassets; sourceTree = "<group>"; };
		8BDC07271E72966B00C54C00 /* Base */ = {isa = PBXFileReference; lastKnownFileType = file.storyboard; name = Base; path = Base.lproj/LaunchScreen.storyboard; sourceTree = "<group>"; };
		8BDC07291E72966B00C54C00 /* Info.plist */ = {isa = PBXFileReference; lastKnownFileType = text.plist.xml; path = Info.plist; sourceTree = "<group>"; };
/* End PBXFileReference section */

/* Begin PBXFrameworksBuildPhase section */
		8BDC07171E72966B00C54C00 /* Frameworks */ = {
			isa = PBXFrameworksBuildPhase;
			buildActionMask = 2147483647;
			files = (
			);
			runOnlyForDeploymentPostprocessing = 0;
		};
/* End PBXFrameworksBuildPhase section */

/* Begin PBXGroup section */
		8BDC07111E72966B00C54C00 = {
			isa = PBXGroup;
			children = (
				8BDC071C1E72966B00C54C00 /* ClimaApp */,
				8BDC071B1E72966B00C54C00 /* Products */,
			);
			sourceTree = "<group>";
		};
		8BDC071B1E72966B00C54C00 /* Products */ = {
			isa = PBXGroup;
			children = (
				8BDC071A1E72966B00C54C00 /* ClimaApp.app */,
			);
			name = Products;
			sourceTree = "<group>";
		};
		8BDC071C1E72966B00C54C00 /* ClimaApp */ = {
			isa = PBXGroup;
			children = (
				8BDC071D1E72966B00C54C00 /* AppDelegate.swift */,
				8BDC071F1E72966B00C54C00 /* ViewController.swift */,
				8BDC07211E72966B00C54C00 /* Main.storyboard */,
				8BDC07241E72966B00C54C00 /* Assets.xcassets */,
				8BDC07261E72966B00C54C00 /* LaunchScreen.storyboard */,
				8BDC07291E72966B00C54C00 /* Info.plist */,
			);
			path = ClimaApp;
			sourceTree = "<group>";
		};
/* End PBXGroup section */

/* Begin PBXNativeTarget section */
		8BDC07191E72966B00C54C00 /* ClimaApp */ = {
			isa = PBXNativeTarget;
			buildConfigurationList = 8BDC072C1E72966B00C54C00 /* Build configuration list for PBXNativeTarget "ClimaApp" */;
			buildPhases = (
				8BDC07161E72966B00C54C00 /* Sources */,
				8BDC07171E72966B00C54C00 /* Frameworks */,
				8BDC07181E72966B00C54C00 /* Resources */,
			);
			buildRules = (
			);
			dependencies = (
			);
			name = ClimaApp;
			productName = ClimaApp;
			productReference = 8BDC071A1E72966B00C54C00 /* ClimaApp.app */;
			productType = "com.apple.product-type.application";
		};
/* End PBXNativeTarget section */

/* Begin PBXProject section */
		8BDC07121E72966B00C54C00 /* Project object */ = {
			isa = PBXProject;
			attributes = {
				LastSwiftUpdateCheck = 0800;
				LastUpgradeCheck = 0800;
				ORGANIZATIONNAME = formador;
				TargetAttributes = {
					8BDC07191E72966B00C54C00 = {
						CreatedOnToolsVersion = 8.0;
						DevelopmentTeam = NZ9BB45RRX;
						ProvisioningStyle = Automatic;
					};
				};
			};
			buildConfigurationList = 8BDC07151E72966B00C54C00 /* Build configuration list for PBXProject "ClimaApp" */;
			compatibilityVersion = "Xcode 3.2";
			developmentRegion = English;
			hasScannedForEncodings = 0;
			knownRegions = (
				en,
				Base,
			);
			mainGroup = 8BDC07111E72966B00C54C00;
			productRefGroup = 8BDC071B1E72966B00C54C00 /* Products */;
			projectDirPath = "";
			projectRoot = "";
			targets = (
				8BDC07191E72966B00C54C00 /* ClimaApp */,
			);
		};
/* End PBXProject section */

/* Begin PBXResourcesBuildPhase section */
		8BDC07181E72966B00C54C00 /* Resources */ = {
			isa = PBXResourcesBuildPhase;
			buildActionMask = 2147483647;
			files = (
				8BDC07281E72966B00C54C00 /* LaunchScreen.storyboard in Resources */,
				8BDC07251E72966B00C54C00 /* Assets.xcassets in Resources */,
				8BDC07231E72966B00C54C00 /* Main.storyboard in Resources */,
			);
			runOnlyForDeploymentPostprocessing = 0;
		};
/* End PBXResourcesBuildPhase section */

/* Begin PBXSourcesBuildPhase section */
		8BDC07161E72966B00C54C00 /* Sources */ = {
			isa = PBXSourcesBuildPhase;
			buildActionMask = 2147483647;
			files = (
				8BDC07201E72966B00C54C00 /* ViewController.swift in Sources */,
				8BDC071E1E72966B00C54C00 /* AppDelegate.swift in Sources */,
			);
			runOnlyForDeploymentPostprocessing = 0;
		};
/* End PBXSourcesBuildPhase section */

/* Begin PBXVariantGroup section */
		8BDC07211E72966B00C54C00 /* Main.storyboard */ = {
			isa = PBXVariantGroup;
			children = (
				8BDC07221E72966B00C54C00 /* Base */,
			);
			name = Main.storyboard;
			sourceTree = "<group>";
		};
		8BDC07261E72966B00C54C00 /* LaunchScreen.storyboard */ = {
			isa = PBXVariantGroup;
			children = (
				8BDC07271E72966B00C54C00 /* Base */,
			);
			name = LaunchScreen.storyboard;
			sourceTree = "<group>";
		};
/* End PBXVariantGroup section */

/* Begin XCBuildConfiguration section */
		8BDC072A1E72966B00C54C00 /* Debug */ = {
			isa = XCBuildConfiguration;
			buildSettings = {
				ALWAYS_SEARCH_USER_PATHS = NO;
				CLANG_ANALYZER_NONNULL = YES;
				CLANG_CXX_LANGUAGE_STANDARD = "gnu++0x";
				CLANG_CXX_LIBRARY = "libc++";
				CLANG_ENABLE_MODULES = YES;
				CLANG_ENABLE_OBJC_ARC = YES;
				CLANG_WARN_BOOL_CONVERSION = YES;
				CLANG_WARN_CONSTANT_CONVERSION = YES;
				CLANG_WARN_DIRECT_OBJC_ISA_USAGE = YES_ERROR;
				CLANG_WARN_DOCUMENTATION_COMMENTS = YES;
				CLANG_WARN_EMPTY_BODY = YES;
				CLANG_WARN_ENUM_CONVERSION = YES;
				CLANG_WARN_INFINITE_RECURSION = YES;
				CLANG_WARN_INT_CONVERSION = YES;
				CLANG_WARN_OBJC_ROOT_CLASS = YES_ERROR;
				CLANG_WARN_SUSPICIOUS_MOVES = YES;
				CLANG_WARN_UNREACHABLE_CODE = YES;
				CLANG_WARN__DUPLICATE_METHOD_MATCH = YES;
				"CODE_SIGN_IDENTITY[sdk=iphoneos*]" = "iPhone Developer";
				COPY_PHASE_STRIP = NO;
				DEBUG_INFORMATION_FORMAT = dwarf;
				ENABLE_STRICT_OBJC_MSGSEND = YES;
				ENABLE_TESTABILITY = YES;
				GCC_C_LANGUAGE_STANDARD = gnu99;
				GCC_DYNAMIC_NO_PIC = NO;
				GCC_NO_COMMON_BLOCKS = YES;
				GCC_OPTIMIZATION_LEVEL = 0;
				GCC_PREPROCESSOR_DEFINITIONS = (
					"DEBUG=1",
					"$(inherited)",
				);
				GCC_WARN_64_TO_32_BIT_CONVERSION = YES;
				GCC_WARN_ABOUT_RETURN_TYPE = YES_ERROR;
				GCC_WARN_UNDECLARED_SELECTOR = YES;
				GCC_WARN_UNINITIALIZED_AUTOS = YES_AGGRESSIVE;
				GCC_WARN_UNUSED_FUNCTION = YES;
				GCC_WARN_UNUSED_VARIABLE = YES;
				IPHONEOS_DEPLOYMENT_TARGET = 10.0;
				MTL_ENABLE_DEBUG_INFO = YES;
				ONLY_ACTIVE_ARCH = YES;
				SDKROOT = iphoneos;
				SWIFT_ACTIVE_COMPILATION_CONDITIONS = DEBUG;
				SWIFT_OPTIMIZATION_LEVEL = "-Onone";
			};
			name = Debug;
		};
		8BDC072B1E72966B00C54C00 /* Release */ = {
			isa = XCBuildConfiguration;
			buildSettings = {
				ALWAYS_SEARCH_USER_PATHS = NO;
				CLANG_ANALYZER_NONNULL = YES;
				CLANG_CXX_LANGUAGE_STANDARD = "gnu++0x";
				CLANG_CXX_LIBRARY = "libc++";
				CLANG_ENABLE_MODULES = YES;
				CLANG_ENABLE_OBJC_ARC = YES;
				CLANG_WARN_BOOL_CONVERSION = YES;
				CLANG_WARN_CONSTANT_CONVERSION = YES;
				CLANG_WARN_DIRECT_OBJC_ISA_USAGE = YES_ERROR;
				CLANG_WARN_DOCUMENTATION_COMMENTS = YES;
				CLANG_WARN_EMPTY_BODY = YES;
				CLANG_WARN_ENUM_CONVERSION = YES;
				CLANG_WARN_INFINITE_RECURSION = YES;
				CLANG_WARN_INT_CONVERSION = YES;
				CLANG_WARN_OBJC_ROOT_CLASS = YES_ERROR;
				CLANG_WARN_SUSPICIOUS_MOVES = YES;
				CLANG_WARN_UNREACHABLE_CODE = YES;
				CLANG_WARN__DUPLICATE_METHOD_MATCH = YES;
				"CODE_SIGN_IDENTITY[sdk=iphoneos*]" = "iPhone Developer";
				COPY_PHASE_STRIP = NO;
				DEBUG_INFORMATION_FORMAT = "dwarf-with-dsym";
				ENABLE_NS_ASSERTIONS = NO;
				ENABLE_STRICT_OBJC_MSGSEND = YES;
				GCC_C_LANGUAGE_STANDARD = gnu99;
				GCC_NO_COMMON_BLOCKS = YES;
				GCC_WARN_64_TO_32_BIT_CONVERSION = YES;
				GCC_WARN_ABOUT_RETURN_TYPE = YES_ERROR;
				GCC_WARN_UNDECLARED_SELECTOR = YES;
				GCC_WARN_UNINITIALIZED_AUTOS = YES_AGGRESSIVE;
				GCC_WARN_UNUSED_FUNCTION = YES;
				GCC_WARN_UNUSED_VARIABLE = YES;
				IPHONEOS_DEPLOYMENT_TARGET = 10.0;
				MTL_ENABLE_DEBUG_INFO = NO;
				SDKROOT = iphoneos;
				SWIFT_OPTIMIZATION_LEVEL = "-Owholemodule";
				VALIDATE_PRODUCT = YES;
			};
			name = Release;
		};
		8BDC072D1E72966B00C54C00 /* Debug */ = {
			isa = XCBuildConfiguration;
			buildSettings = {
				ASSETCATALOG_COMPILER_APPICON_NAME = AppIcon;
				DEVELOPMENT_TEAM = NZ9BB45RRX;
				INFOPLIST_FILE = ClimaApp/Info.plist;
				LD_RUNPATH_SEARCH_PATHS = "$(inherited) @executable_path/Frameworks";
				PRODUCT_BUNDLE_IDENTIFIER = com.cice.ClimaApp;
				PRODUCT_NAME = "$(TARGET_NAME)";
				SWIFT_VERSION = 3.0;
			};
			name = Debug;
		};
		8BDC072E1E72966B00C54C00 /* Release */ = {
			isa = XCBuildConfiguration;
			buildSettings = {
				ASSETCATALOG_COMPILER_APPICON_NAME = AppIcon;
				DEVELOPMENT_TEAM = NZ9BB45RRX;
				INFOPLIST_FILE = ClimaApp/Info.plist;
				LD_RUNPATH_SEARCH_PATHS = "$(inherited) @executable_path/Frameworks";
				PRODUCT_BUNDLE_IDENTIFIER = com.cice.ClimaApp;
				PRODUCT_NAME = "$(TARGET_NAME)";
				SWIFT_VERSION = 3.0;
			};
			name = Release;
		};
/* End XCBuildConfiguration section */

/* Begin XCConfigurationList section */
		8BDC07151E72966B00C54C00 /* Build configuration list for PBXProject "ClimaApp" */ = {
			isa = XCConfigurationList;
			buildConfigurations = (
				8BDC072A1E72966B00C54C00 /* Debug */,
				8BDC072B1E72966B00C54C00 /* Release */,
			);
			defaultConfigurationIsVisible = 0;
			defaultConfigurationName = Release;
		};
		8BDC072C1E72966B00C54C00 /* Build configuration list for PBXNativeTarget "ClimaApp" */ = {
			isa = XCConfigurationList;
			buildConfigurations = (
				8BDC072D1E72966B00C54C00 /* Debug */,
				8BDC072E1E72966B00C54C00 /* Release */,
			);
			defaultConfigurationIsVisible = 0;
		};
/* End XCConfigurationList section */
	};
	rootObject = 8BDC07121E72966B00C54C00 /* Project object */;
}
